
Microsoft Visual Studio Solution File, Format Version 12.00
# Visual Studio Version 17
VisualStudioVersion = 17.0.31903.59
MinimumVisualStudioVersion = 10.0.40219.1
Project("{FAE04EC0-301F-11D3-BF4B-00C04F79EFBC}") = "Agitprop.Core", "Agitprop.Core\Agitprop.Core.csproj", "{C58DF0E9-4A59-47AE-8E67-5CD6214E35ED}"
EndProject
Project("{FAE04EC0-301F-11D3-BF4B-00C04F79EFBC}") = "Agitprop.Scrapers", "Agitprop.Scrapers\Agitprop.Scrapers.csproj", "{ADAD725D-A0CF-46F0-8588-20DB2ACC680A}"
EndProject
Project("{FAE04EC0-301F-11D3-BF4B-00C04F79EFBC}") = "Agitprop.Scrapers.Tests", "Agitprop.Tests\Agitprop.Scrapers.Tests.csproj", "{96A0846C-3FEB-4E89-A29C-949E4427975D}"
EndProject
Project("{FAE04EC0-301F-11D3-BF4B-00C04F79EFBC}") = "Agitprop.ConsoleApp", "Agitprop.ConsoleApp\Agitprop.ConsoleApp.csproj", "{A60359E9-1BEB-4A03-9C84-D8C87228C9EC}"
EndProject
Project("{FAE04EC0-301F-11D3-BF4B-00C04F79EFBC}") = "Agitprop.Infrastructure", "Agitprop.Infrastructure\Agitprop.Infrastructure.csproj", "{46B15793-7DE0-48BD-8DDF-BF498B4ADEAC}"
EndProject
Project("{FAE04EC0-301F-11D3-BF4B-00C04F79EFBC}") = "Ahitprop.Core.Tests", "Ahitprop.Core.Tests\Ahitprop.Core.Tests.csproj", "{C13AC629-0892-47F4-B554-F4FCB8A5B4A0}"
EndProject
Project("{FAE04EC0-301F-11D3-BF4B-00C04F79EFBC}") = "Agitprop.Infrastructure.InMemory", "Agitprop.Infrastructure.InMemory\Agitprop.Infrastructure.InMemory.csproj", "{5AECA70D-A5BD-4B71-BD73-714F6F1F0BBD}"
EndProject
Project("{FAE04EC0-301F-11D3-BF4B-00C04F79EFBC}") = "Agitprop.Infrastructure.Puppeteer", "Agitprop.Infrastructure.Puppeteer\Agitprop.Infrastructure.Puppeteer.csproj", "{77DABB6D-5834-475E-AFD5-A184A355BF5D}"
EndProject
Project("{FAE04EC0-301F-11D3-BF4B-00C04F79EFBC}") = "Agitprop.Infrastructure.Selenium", "Agitprop.Infrastructure.Selenium\Agitprop.Infrastructure.Selenium.csproj", "{B5D8BCA6-9D85-4C85-85F0-42E7C09EB5FD}"
EndProject
Global
	GlobalSection(SolutionConfigurationPlatforms) = preSolution
		Debug|Any CPU = Debug|Any CPU
		Release|Any CPU = Release|Any CPU
	EndGlobalSection
	GlobalSection(ProjectConfigurationPlatforms) = postSolution
		{C58DF0E9-4A59-47AE-8E67-5CD6214E35ED}.Debug|Any CPU.ActiveCfg = Debug|Any CPU
		{C58DF0E9-4A59-47AE-8E67-5CD6214E35ED}.Debug|Any CPU.Build.0 = Debug|Any CPU
		{C58DF0E9-4A59-47AE-8E67-5CD6214E35ED}.Release|Any CPU.ActiveCfg = Release|Any CPU
		{C58DF0E9-4A59-47AE-8E67-5CD6214E35ED}.Release|Any CPU.Build.0 = Release|Any CPU
		{ADAD725D-A0CF-46F0-8588-20DB2ACC680A}.Debug|Any CPU.ActiveCfg = Debug|Any CPU
		{ADAD725D-A0CF-46F0-8588-20DB2ACC680A}.Debug|Any CPU.Build.0 = Debug|Any CPU
		{ADAD725D-A0CF-46F0-8588-20DB2ACC680A}.Release|Any CPU.ActiveCfg = Release|Any CPU
		{ADAD725D-A0CF-46F0-8588-20DB2ACC680A}.Release|Any CPU.Build.0 = Release|Any CPU
		{96A0846C-3FEB-4E89-A29C-949E4427975D}.Debug|Any CPU.ActiveCfg = Debug|Any CPU
		{96A0846C-3FEB-4E89-A29C-949E4427975D}.Debug|Any CPU.Build.0 = Debug|Any CPU
		{96A0846C-3FEB-4E89-A29C-949E4427975D}.Release|Any CPU.ActiveCfg = Release|Any CPU
		{96A0846C-3FEB-4E89-A29C-949E4427975D}.Release|Any CPU.Build.0 = Release|Any CPU
		{A60359E9-1BEB-4A03-9C84-D8C87228C9EC}.Debug|Any CPU.ActiveCfg = Debug|Any CPU
		{A60359E9-1BEB-4A03-9C84-D8C87228C9EC}.Debug|Any CPU.Build.0 = Debug|Any CPU
		{A60359E9-1BEB-4A03-9C84-D8C87228C9EC}.Release|Any CPU.ActiveCfg = Release|Any CPU
		{A60359E9-1BEB-4A03-9C84-D8C87228C9EC}.Release|Any CPU.Build.0 = Release|Any CPU
		{46B15793-7DE0-48BD-8DDF-BF498B4ADEAC}.Debug|Any CPU.ActiveCfg = Debug|Any CPU
		{46B15793-7DE0-48BD-8DDF-BF498B4ADEAC}.Debug|Any CPU.Build.0 = Debug|Any CPU
		{46B15793-7DE0-48BD-8DDF-BF498B4ADEAC}.Release|Any CPU.ActiveCfg = Release|Any CPU
		{46B15793-7DE0-48BD-8DDF-BF498B4ADEAC}.Release|Any CPU.Build.0 = Release|Any CPU
		{C13AC629-0892-47F4-B554-F4FCB8A5B4A0}.Debug|Any CPU.ActiveCfg = Debug|Any CPU
		{C13AC629-0892-47F4-B554-F4FCB8A5B4A0}.Debug|Any CPU.Build.0 = Debug|Any CPU
		{C13AC629-0892-47F4-B554-F4FCB8A5B4A0}.Release|Any CPU.ActiveCfg = Release|Any CPU
		{C13AC629-0892-47F4-B554-F4FCB8A5B4A0}.Release|Any CPU.Build.0 = Release|Any CPU
		{5AECA70D-A5BD-4B71-BD73-714F6F1F0BBD}.Debug|Any CPU.ActiveCfg = Debug|Any CPU
		{5AECA70D-A5BD-4B71-BD73-714F6F1F0BBD}.Debug|Any CPU.Build.0 = Debug|Any CPU
		{5AECA70D-A5BD-4B71-BD73-714F6F1F0BBD}.Release|Any CPU.ActiveCfg = Release|Any CPU
		{5AECA70D-A5BD-4B71-BD73-714F6F1F0BBD}.Release|Any CPU.Build.0 = Release|Any CPU
		{77DABB6D-5834-475E-AFD5-A184A355BF5D}.Debug|Any CPU.ActiveCfg = Debug|Any CPU
		{77DABB6D-5834-475E-AFD5-A184A355BF5D}.Debug|Any CPU.Build.0 = Debug|Any CPU
		{77DABB6D-5834-475E-AFD5-A184A355BF5D}.Release|Any CPU.ActiveCfg = Release|Any CPU
		{77DABB6D-5834-475E-AFD5-A184A355BF5D}.Release|Any CPU.Build.0 = Release|Any CPU
		{B5D8BCA6-9D85-4C85-85F0-42E7C09EB5FD}.Debug|Any CPU.ActiveCfg = Debug|Any CPU
		{B5D8BCA6-9D85-4C85-85F0-42E7C09EB5FD}.Debug|Any CPU.Build.0 = Debug|Any CPU
		{B5D8BCA6-9D85-4C85-85F0-42E7C09EB5FD}.Release|Any CPU.ActiveCfg = Release|Any CPU
		{B5D8BCA6-9D85-4C85-85F0-42E7C09EB5FD}.Release|Any CPU.Build.0 = Release|Any CPU
	EndGlobalSection
	GlobalSection(SolutionProperties) = preSolution
		HideSolutionNode = FALSE
	EndGlobalSection
EndGlobal
