
Microsoft Visual Studio Solution File, Format Version 12.00
# Visual Studio Version 17
VisualStudioVersion = 17.0.31903.59
MinimumVisualStudioVersion = 10.0.40219.1
Project("{FAE04EC0-301F-11D3-BF4B-00C04F79EFBC}") = "Agitprop.Core", "Agitprop.Core\Agitprop.Core.csproj", "{C58DF0E9-4A59-47AE-8E67-5CD6214E35ED}"
EndProject
Project("{FAE04EC0-301F-11D3-BF4B-00C04F79EFBC}") = "Agitprop.Infrastructure", "Agitprop.Infrastructure\Agitprop.Infrastructure.csproj", "{46B15793-7DE0-48BD-8DDF-BF498B4ADEAC}"
EndProject
Project("{FAE04EC0-301F-11D3-BF4B-00C04F79EFBC}") = "Agitprop.Infrastructure.Puppeteer", "Agitprop.Infrastructure.Puppeteer\Agitprop.Infrastructure.Puppeteer.csproj", "{77DABB6D-5834-475E-AFD5-A184A355BF5D}"
EndProject
Project("{FAE04EC0-301F-11D3-BF4B-00C04F79EFBC}") = "Agitprop.Consumer", "Agitprop.Consumer\Agitprop.Consumer.csproj", "{1CBAD7FA-FB04-4121-9575-39E2DBE41605}"
EndProject
Project("{FAE04EC0-301F-11D3-BF4B-00C04F79EFBC}") = "Agitprop.ConsoleToolKit", "Agitprop.ConsoleToolKit\Agitprop.ConsoleToolKit.csproj", "{7A89CD2B-5E5C-4A8E-A790-520129D70FB2}"
EndProject
Project("{FAE04EC0-301F-11D3-BF4B-00C04F79EFBC}") = "Agitprop.Scraper.Sinks.Newsfeed", "Agitprop.Scraper.Sinks.Newsfeed\Agitprop.Scraper.Sinks.Newsfeed.csproj", "{B7D370AD-9D3C-4D61-B854-3776DC4540BD}"
EndProject
Project("{FAE04EC0-301F-11D3-BF4B-00C04F79EFBC}") = "Agitprop.Scraper.Sinks.Newsfeed_Test", "Agitprop.Scraper.Sinks.Newsfeed_Test\Agitprop.Scraper.Sinks.Newsfeed_Test.csproj", "{729CAE5A-4384-4D78-AC4D-78E190552A0A}"
EndProject
Project("{FAE04EC0-301F-11D3-BF4B-00C04F79EFBC}") = "Agitprop.AppHost", "Agitprop.AppHost\Agitprop.AppHost.csproj", "{3725CA9C-E1AD-4EF7-AECF-96DB63A08002}"
EndProject
Project("{FAE04EC0-301F-11D3-BF4B-00C04F79EFBC}") = "Agitprop.ServiceDefaults", "Agitprop.ServiceDefaults\Agitprop.ServiceDefaults.csproj", "{0E2C2B9A-229E-48A8-880D-C49176ABFC98}"
EndProject
Project("{FAE04EC0-301F-11D3-BF4B-00C04F79EFBC}") = "Agitprop.RssFeedReader", "Agitprop.RssFeedReader\Agitprop.RssFeedReader.csproj", "{84CD95A8-5F99-4C21-A369-915A33DBD905}"
EndProject
Project("{FAE04EC0-301F-11D3-BF4B-00C04F79EFBC}") = "Agitprop.NLPService", "Agitprop.NLPService\Agitprop.NLPService.csproj", "{241407BB-3B6F-4450-9B1D-8D96FBE9B7FE}"
EndProject
Project("{FAE04EC0-301F-11D3-BF4B-00C04F79EFBC}") = "Agitprop.Web.Api", "Agitprop.Web.Api\Agitprop.Web.Api.csproj", "{C106E768-2DEA-4239-AB10-0E8A041AB470}"
EndProject
Project("{FAE04EC0-301F-11D3-BF4B-00C04F79EFBC}") = "Agitprop.Web.Client", "Agitprop.Web.Client\Agitprop.Web.Client.csproj", "{2A9F8EE1-4B44-41E8-ACA1-90FDF5C86578}"
EndProject
Global
	GlobalSection(SolutionConfigurationPlatforms) = preSolution
		Debug|Any CPU = Debug|Any CPU
		Release|Any CPU = Release|Any CPU
	EndGlobalSection
	GlobalSection(ProjectConfigurationPlatforms) = postSolution
		{C58DF0E9-4A59-47AE-8E67-5CD6214E35ED}.Debug|Any CPU.ActiveCfg = Debug|Any CPU
		{C58DF0E9-4A59-47AE-8E67-5CD6214E35ED}.Debug|Any CPU.Build.0 = Debug|Any CPU
		{C58DF0E9-4A59-47AE-8E67-5CD6214E35ED}.Release|Any CPU.ActiveCfg = Release|Any CPU
		{C58DF0E9-4A59-47AE-8E67-5CD6214E35ED}.Release|Any CPU.Build.0 = Release|Any CPU
		{46B15793-7DE0-48BD-8DDF-BF498B4ADEAC}.Debug|Any CPU.ActiveCfg = Debug|Any CPU
		{46B15793-7DE0-48BD-8DDF-BF498B4ADEAC}.Debug|Any CPU.Build.0 = Debug|Any CPU
		{46B15793-7DE0-48BD-8DDF-BF498B4ADEAC}.Release|Any CPU.ActiveCfg = Release|Any CPU
		{46B15793-7DE0-48BD-8DDF-BF498B4ADEAC}.Release|Any CPU.Build.0 = Release|Any CPU
		{77DABB6D-5834-475E-AFD5-A184A355BF5D}.Debug|Any CPU.ActiveCfg = Debug|Any CPU
		{77DABB6D-5834-475E-AFD5-A184A355BF5D}.Debug|Any CPU.Build.0 = Debug|Any CPU
		{77DABB6D-5834-475E-AFD5-A184A355BF5D}.Release|Any CPU.ActiveCfg = Release|Any CPU
		{77DABB6D-5834-475E-AFD5-A184A355BF5D}.Release|Any CPU.Build.0 = Release|Any CPU
		{1CBAD7FA-FB04-4121-9575-39E2DBE41605}.Debug|Any CPU.ActiveCfg = Debug|Any CPU
		{1CBAD7FA-FB04-4121-9575-39E2DBE41605}.Debug|Any CPU.Build.0 = Debug|Any CPU
		{1CBAD7FA-FB04-4121-9575-39E2DBE41605}.Release|Any CPU.ActiveCfg = Release|Any CPU
		{1CBAD7FA-FB04-4121-9575-39E2DBE41605}.Release|Any CPU.Build.0 = Release|Any CPU
		{7A89CD2B-5E5C-4A8E-A790-520129D70FB2}.Debug|Any CPU.ActiveCfg = Debug|Any CPU
		{7A89CD2B-5E5C-4A8E-A790-520129D70FB2}.Debug|Any CPU.Build.0 = Debug|Any CPU
		{7A89CD2B-5E5C-4A8E-A790-520129D70FB2}.Release|Any CPU.ActiveCfg = Release|Any CPU
		{7A89CD2B-5E5C-4A8E-A790-520129D70FB2}.Release|Any CPU.Build.0 = Release|Any CPU
		{B7D370AD-9D3C-4D61-B854-3776DC4540BD}.Debug|Any CPU.ActiveCfg = Debug|Any CPU
		{B7D370AD-9D3C-4D61-B854-3776DC4540BD}.Debug|Any CPU.Build.0 = Debug|Any CPU
		{B7D370AD-9D3C-4D61-B854-3776DC4540BD}.Release|Any CPU.ActiveCfg = Release|Any CPU
		{B7D370AD-9D3C-4D61-B854-3776DC4540BD}.Release|Any CPU.Build.0 = Release|Any CPU
		{729CAE5A-4384-4D78-AC4D-78E190552A0A}.Debug|Any CPU.ActiveCfg = Debug|Any CPU
		{729CAE5A-4384-4D78-AC4D-78E190552A0A}.Debug|Any CPU.Build.0 = Debug|Any CPU
		{729CAE5A-4384-4D78-AC4D-78E190552A0A}.Release|Any CPU.ActiveCfg = Release|Any CPU
		{729CAE5A-4384-4D78-AC4D-78E190552A0A}.Release|Any CPU.Build.0 = Release|Any CPU
		{3725CA9C-E1AD-4EF7-AECF-96DB63A08002}.Debug|Any CPU.ActiveCfg = Debug|Any CPU
		{3725CA9C-E1AD-4EF7-AECF-96DB63A08002}.Debug|Any CPU.Build.0 = Debug|Any CPU
		{3725CA9C-E1AD-4EF7-AECF-96DB63A08002}.Release|Any CPU.ActiveCfg = Release|Any CPU
		{3725CA9C-E1AD-4EF7-AECF-96DB63A08002}.Release|Any CPU.Build.0 = Release|Any CPU
		{0E2C2B9A-229E-48A8-880D-C49176ABFC98}.Debug|Any CPU.ActiveCfg = Debug|Any CPU
		{0E2C2B9A-229E-48A8-880D-C49176ABFC98}.Debug|Any CPU.Build.0 = Debug|Any CPU
		{0E2C2B9A-229E-48A8-880D-C49176ABFC98}.Release|Any CPU.ActiveCfg = Release|Any CPU
		{0E2C2B9A-229E-48A8-880D-C49176ABFC98}.Release|Any CPU.Build.0 = Release|Any CPU
		{84CD95A8-5F99-4C21-A369-915A33DBD905}.Debug|Any CPU.ActiveCfg = Debug|Any CPU
		{84CD95A8-5F99-4C21-A369-915A33DBD905}.Debug|Any CPU.Build.0 = Debug|Any CPU
		{84CD95A8-5F99-4C21-A369-915A33DBD905}.Release|Any CPU.ActiveCfg = Release|Any CPU
		{84CD95A8-5F99-4C21-A369-915A33DBD905}.Release|Any CPU.Build.0 = Release|Any CPU
		{241407BB-3B6F-4450-9B1D-8D96FBE9B7FE}.Debug|Any CPU.ActiveCfg = Debug|Any CPU
		{241407BB-3B6F-4450-9B1D-8D96FBE9B7FE}.Debug|Any CPU.Build.0 = Debug|Any CPU
		{241407BB-3B6F-4450-9B1D-8D96FBE9B7FE}.Release|Any CPU.ActiveCfg = Release|Any CPU
		{241407BB-3B6F-4450-9B1D-8D96FBE9B7FE}.Release|Any CPU.Build.0 = Release|Any CPU
		{C106E768-2DEA-4239-AB10-0E8A041AB470}.Debug|Any CPU.ActiveCfg = Debug|Any CPU
		{C106E768-2DEA-4239-AB10-0E8A041AB470}.Debug|Any CPU.Build.0 = Debug|Any CPU
		{C106E768-2DEA-4239-AB10-0E8A041AB470}.Release|Any CPU.ActiveCfg = Release|Any CPU
		{C106E768-2DEA-4239-AB10-0E8A041AB470}.Release|Any CPU.Build.0 = Release|Any CPU
		{2A9F8EE1-4B44-41E8-ACA1-90FDF5C86578}.Debug|Any CPU.ActiveCfg = Debug|Any CPU
		{2A9F8EE1-4B44-41E8-ACA1-90FDF5C86578}.Debug|Any CPU.Build.0 = Debug|Any CPU
		{2A9F8EE1-4B44-41E8-ACA1-90FDF5C86578}.Release|Any CPU.ActiveCfg = Release|Any CPU
		{2A9F8EE1-4B44-41E8-ACA1-90FDF5C86578}.Release|Any CPU.Build.0 = Release|Any CPU
	EndGlobalSection
	GlobalSection(SolutionProperties) = preSolution
		HideSolutionNode = FALSE
	EndGlobalSection
EndGlobal
